
Microsoft Visual Studio Solution File, Format Version 12.00
# Visual Studio Version 17
VisualStudioVersion = 17.3.32929.385
MinimumVisualStudioVersion = 10.0.40219.1
Project("{8BC9CEB8-8B4A-11D0-8D11-00A0C91BC942}") = "Ford-Assembly-Plant-Sec-2-Group-1", "Ford-Assembly-Plant-Sec-2-Group-1\Ford-Assembly-Plant-Sec-2-Group-1.vcxproj", "{6B7AF844-F844-45B6-B53E-25538E0C9BAF}"
EndProject
Project("{8BC9CEB8-8B4A-11D0-8D11-00A0C91BC942}") = "BodyMachineTests", "BodyMachineTests\BodyMachineTests.vcxproj", "{3C438A16-93F3-45E2-9CB5-036B143E667B}"
EndProject
Project("{8BC9CEB8-8B4A-11D0-8D11-00A0C91BC942}") = "PaintMachine Tests", "PaintMachine Tests\PaintMachine Tests.vcxproj", "{67200547-1FFB-4A94-A897-7F2B1B0C0F9D}"
EndProject
Project("{8BC9CEB8-8B4A-11D0-8D11-00A0C91BC942}") = "ChassisMachineTests", "ChassisMachineTests\ChassisMachineTests.vcxproj", "{2E8E00D0-C671-4811-A04F-0A31B8FCB2FB}"
EndProject
Project("{8BC9CEB8-8B4A-11D0-8D11-00A0C91BC942}") = "InteriorMachineTests", "InteriorMachineTests\InteriorMachineTests.vcxproj", "{1595E81D-F0D0-4301-AFF2-D56009C2536F}"
EndProject
Project("{8BC9CEB8-8B4A-11D0-8D11-00A0C91BC942}") = "plantTests", "plantTests\plantTests.vcxproj", "{704ACC92-F461-4FF2-AA8B-9EE0B928F235}"
EndProject
Project("{8BC9CEB8-8B4A-11D0-8D11-00A0C91BC942}") = "VehicleTests", "VehicleTests\VehicleTests.vcxproj", "{8C57C54F-C543-4B65-AEF2-A4F0B469765E}"
EndProject
Project("{8BC9CEB8-8B4A-11D0-8D11-00A0C91BC942}") = "Ford-Assembly-Plant-Integration-Tests", "Ford-Assembly-Plant-Integration-Tests\Ford-Assembly-Plant-Integration-Tests.vcxproj", "{7CD2A025-0EEF-426D-8C89-2ABCE79EEBF7}"
EndProject
Global
	GlobalSection(SolutionConfigurationPlatforms) = preSolution
		Debug|Any CPU = Debug|Any CPU
		Debug|x64 = Debug|x64
		Debug|x86 = Debug|x86
		Release|Any CPU = Release|Any CPU
		Release|x64 = Release|x64
		Release|x86 = Release|x86
	EndGlobalSection
	GlobalSection(ProjectConfigurationPlatforms) = postSolution
		{6B7AF844-F844-45B6-B53E-25538E0C9BAF}.Debug|Any CPU.ActiveCfg = Debug|x64
		{6B7AF844-F844-45B6-B53E-25538E0C9BAF}.Debug|Any CPU.Build.0 = Debug|x64
		{6B7AF844-F844-45B6-B53E-25538E0C9BAF}.Debug|x64.ActiveCfg = Debug|x64
		{6B7AF844-F844-45B6-B53E-25538E0C9BAF}.Debug|x64.Build.0 = Debug|x64
		{6B7AF844-F844-45B6-B53E-25538E0C9BAF}.Debug|x86.ActiveCfg = Debug|Win32
		{6B7AF844-F844-45B6-B53E-25538E0C9BAF}.Debug|x86.Build.0 = Debug|Win32
		{6B7AF844-F844-45B6-B53E-25538E0C9BAF}.Release|Any CPU.ActiveCfg = Release|x64
		{6B7AF844-F844-45B6-B53E-25538E0C9BAF}.Release|Any CPU.Build.0 = Release|x64
		{6B7AF844-F844-45B6-B53E-25538E0C9BAF}.Release|x64.ActiveCfg = Release|x64
		{6B7AF844-F844-45B6-B53E-25538E0C9BAF}.Release|x64.Build.0 = Release|x64
		{6B7AF844-F844-45B6-B53E-25538E0C9BAF}.Release|x86.ActiveCfg = Release|Win32
		{6B7AF844-F844-45B6-B53E-25538E0C9BAF}.Release|x86.Build.0 = Release|Win32
		{3C438A16-93F3-45E2-9CB5-036B143E667B}.Debug|Any CPU.ActiveCfg = Debug|x64
		{3C438A16-93F3-45E2-9CB5-036B143E667B}.Debug|Any CPU.Build.0 = Debug|x64
		{3C438A16-93F3-45E2-9CB5-036B143E667B}.Debug|x64.ActiveCfg = Debug|x64
		{3C438A16-93F3-45E2-9CB5-036B143E667B}.Debug|x64.Build.0 = Debug|x64
		{3C438A16-93F3-45E2-9CB5-036B143E667B}.Debug|x86.ActiveCfg = Debug|Win32
		{3C438A16-93F3-45E2-9CB5-036B143E667B}.Debug|x86.Build.0 = Debug|Win32
		{3C438A16-93F3-45E2-9CB5-036B143E667B}.Release|Any CPU.ActiveCfg = Release|x64
		{3C438A16-93F3-45E2-9CB5-036B143E667B}.Release|Any CPU.Build.0 = Release|x64
		{3C438A16-93F3-45E2-9CB5-036B143E667B}.Release|x64.ActiveCfg = Release|x64
		{3C438A16-93F3-45E2-9CB5-036B143E667B}.Release|x64.Build.0 = Release|x64
		{3C438A16-93F3-45E2-9CB5-036B143E667B}.Release|x86.ActiveCfg = Release|Win32
		{3C438A16-93F3-45E2-9CB5-036B143E667B}.Release|x86.Build.0 = Release|Win32
		{67200547-1FFB-4A94-A897-7F2B1B0C0F9D}.Debug|Any CPU.ActiveCfg = Debug|x64
		{67200547-1FFB-4A94-A897-7F2B1B0C0F9D}.Debug|Any CPU.Build.0 = Debug|x64
		{67200547-1FFB-4A94-A897-7F2B1B0C0F9D}.Debug|x64.ActiveCfg = Debug|x64
		{67200547-1FFB-4A94-A897-7F2B1B0C0F9D}.Debug|x64.Build.0 = Debug|x64
		{67200547-1FFB-4A94-A897-7F2B1B0C0F9D}.Debug|x86.ActiveCfg = Debug|Win32
		{67200547-1FFB-4A94-A897-7F2B1B0C0F9D}.Debug|x86.Build.0 = Debug|Win32
		{67200547-1FFB-4A94-A897-7F2B1B0C0F9D}.Release|Any CPU.ActiveCfg = Release|x64
		{67200547-1FFB-4A94-A897-7F2B1B0C0F9D}.Release|Any CPU.Build.0 = Release|x64
		{67200547-1FFB-4A94-A897-7F2B1B0C0F9D}.Release|x64.ActiveCfg = Release|x64
		{67200547-1FFB-4A94-A897-7F2B1B0C0F9D}.Release|x64.Build.0 = Release|x64
		{67200547-1FFB-4A94-A897-7F2B1B0C0F9D}.Release|x86.ActiveCfg = Release|Win32
		{67200547-1FFB-4A94-A897-7F2B1B0C0F9D}.Release|x86.Build.0 = Release|Win32
		{2E8E00D0-C671-4811-A04F-0A31B8FCB2FB}.Debug|Any CPU.ActiveCfg = Debug|x64
		{2E8E00D0-C671-4811-A04F-0A31B8FCB2FB}.Debug|Any CPU.Build.0 = Debug|x64
		{2E8E00D0-C671-4811-A04F-0A31B8FCB2FB}.Debug|x64.ActiveCfg = Debug|x64
		{2E8E00D0-C671-4811-A04F-0A31B8FCB2FB}.Debug|x64.Build.0 = Debug|x64
		{2E8E00D0-C671-4811-A04F-0A31B8FCB2FB}.Debug|x86.ActiveCfg = Debug|Win32
		{2E8E00D0-C671-4811-A04F-0A31B8FCB2FB}.Debug|x86.Build.0 = Debug|Win32
		{2E8E00D0-C671-4811-A04F-0A31B8FCB2FB}.Release|Any CPU.ActiveCfg = Release|x64
		{2E8E00D0-C671-4811-A04F-0A31B8FCB2FB}.Release|Any CPU.Build.0 = Release|x64
		{2E8E00D0-C671-4811-A04F-0A31B8FCB2FB}.Release|x64.ActiveCfg = Release|x64
		{2E8E00D0-C671-4811-A04F-0A31B8FCB2FB}.Release|x64.Build.0 = Release|x64
		{2E8E00D0-C671-4811-A04F-0A31B8FCB2FB}.Release|x86.ActiveCfg = Release|Win32
		{2E8E00D0-C671-4811-A04F-0A31B8FCB2FB}.Release|x86.Build.0 = Release|Win32
		{1595E81D-F0D0-4301-AFF2-D56009C2536F}.Debug|Any CPU.ActiveCfg = Debug|x64
		{1595E81D-F0D0-4301-AFF2-D56009C2536F}.Debug|Any CPU.Build.0 = Debug|x64
		{1595E81D-F0D0-4301-AFF2-D56009C2536F}.Debug|x64.ActiveCfg = Debug|x64
		{1595E81D-F0D0-4301-AFF2-D56009C2536F}.Debug|x64.Build.0 = Debug|x64
		{1595E81D-F0D0-4301-AFF2-D56009C2536F}.Debug|x86.ActiveCfg = Debug|Win32
		{1595E81D-F0D0-4301-AFF2-D56009C2536F}.Debug|x86.Build.0 = Debug|Win32
		{1595E81D-F0D0-4301-AFF2-D56009C2536F}.Release|Any CPU.ActiveCfg = Release|x64
		{1595E81D-F0D0-4301-AFF2-D56009C2536F}.Release|Any CPU.Build.0 = Release|x64
		{1595E81D-F0D0-4301-AFF2-D56009C2536F}.Release|x64.ActiveCfg = Release|x64
		{1595E81D-F0D0-4301-AFF2-D56009C2536F}.Release|x64.Build.0 = Release|x64
		{1595E81D-F0D0-4301-AFF2-D56009C2536F}.Release|x86.ActiveCfg = Release|Win32
		{1595E81D-F0D0-4301-AFF2-D56009C2536F}.Release|x86.Build.0 = Release|Win32
		{704ACC92-F461-4FF2-AA8B-9EE0B928F235}.Debug|Any CPU.ActiveCfg = Debug|x64
		{704ACC92-F461-4FF2-AA8B-9EE0B928F235}.Debug|Any CPU.Build.0 = Debug|x64
		{704ACC92-F461-4FF2-AA8B-9EE0B928F235}.Debug|x64.ActiveCfg = Debug|x64
		{704ACC92-F461-4FF2-AA8B-9EE0B928F235}.Debug|x64.Build.0 = Debug|x64
		{704ACC92-F461-4FF2-AA8B-9EE0B928F235}.Debug|x86.ActiveCfg = Debug|Win32
		{704ACC92-F461-4FF2-AA8B-9EE0B928F235}.Debug|x86.Build.0 = Debug|Win32
		{704ACC92-F461-4FF2-AA8B-9EE0B928F235}.Release|Any CPU.ActiveCfg = Release|x64
		{704ACC92-F461-4FF2-AA8B-9EE0B928F235}.Release|Any CPU.Build.0 = Release|x64
		{704ACC92-F461-4FF2-AA8B-9EE0B928F235}.Release|x64.ActiveCfg = Release|x64
		{704ACC92-F461-4FF2-AA8B-9EE0B928F235}.Release|x64.Build.0 = Release|x64
		{704ACC92-F461-4FF2-AA8B-9EE0B928F235}.Release|x86.ActiveCfg = Release|Win32
		{704ACC92-F461-4FF2-AA8B-9EE0B928F235}.Release|x86.Build.0 = Release|Win32
		{8C57C54F-C543-4B65-AEF2-A4F0B469765E}.Debug|Any CPU.ActiveCfg = Debug|x64
		{8C57C54F-C543-4B65-AEF2-A4F0B469765E}.Debug|Any CPU.Build.0 = Debug|x64
		{8C57C54F-C543-4B65-AEF2-A4F0B469765E}.Debug|x64.ActiveCfg = Debug|x64
		{8C57C54F-C543-4B65-AEF2-A4F0B469765E}.Debug|x64.Build.0 = Debug|x64
		{8C57C54F-C543-4B65-AEF2-A4F0B469765E}.Debug|x86.ActiveCfg = Debug|Win32
		{8C57C54F-C543-4B65-AEF2-A4F0B469765E}.Debug|x86.Build.0 = Debug|Win32
		{8C57C54F-C543-4B65-AEF2-A4F0B469765E}.Release|Any CPU.ActiveCfg = Release|x64
		{8C57C54F-C543-4B65-AEF2-A4F0B469765E}.Release|Any CPU.Build.0 = Release|x64
		{8C57C54F-C543-4B65-AEF2-A4F0B469765E}.Release|x64.ActiveCfg = Release|x64
		{8C57C54F-C543-4B65-AEF2-A4F0B469765E}.Release|x64.Build.0 = Release|x64
		{8C57C54F-C543-4B65-AEF2-A4F0B469765E}.Release|x86.ActiveCfg = Release|Win32
		{8C57C54F-C543-4B65-AEF2-A4F0B469765E}.Release|x86.Build.0 = Release|Win32
		{7CD2A025-0EEF-426D-8C89-2ABCE79EEBF7}.Debug|Any CPU.ActiveCfg = Debug|x64
		{7CD2A025-0EEF-426D-8C89-2ABCE79EEBF7}.Debug|Any CPU.Build.0 = Debug|x64
		{7CD2A025-0EEF-426D-8C89-2ABCE79EEBF7}.Debug|x64.ActiveCfg = Debug|x64
		{7CD2A025-0EEF-426D-8C89-2ABCE79EEBF7}.Debug|x64.Build.0 = Debug|x64
		{7CD2A025-0EEF-426D-8C89-2ABCE79EEBF7}.Debug|x86.ActiveCfg = Debug|Win32
		{7CD2A025-0EEF-426D-8C89-2ABCE79EEBF7}.Debug|x86.Build.0 = Debug|Win32
		{7CD2A025-0EEF-426D-8C89-2ABCE79EEBF7}.Release|Any CPU.ActiveCfg = Release|x64
		{7CD2A025-0EEF-426D-8C89-2ABCE79EEBF7}.Release|Any CPU.Build.0 = Release|x64
		{7CD2A025-0EEF-426D-8C89-2ABCE79EEBF7}.Release|x64.ActiveCfg = Release|x64
		{7CD2A025-0EEF-426D-8C89-2ABCE79EEBF7}.Release|x64.Build.0 = Release|x64
		{7CD2A025-0EEF-426D-8C89-2ABCE79EEBF7}.Release|x86.ActiveCfg = Release|Win32
		{7CD2A025-0EEF-426D-8C89-2ABCE79EEBF7}.Release|x86.Build.0 = Release|Win32
	EndGlobalSection
	GlobalSection(SolutionProperties) = preSolution
		HideSolutionNode = FALSE
	EndGlobalSection
	GlobalSection(ExtensibilityGlobals) = postSolution
		SolutionGuid = {448C870C-C8A8-4036-8C3A-3C3277F47954}
	EndGlobalSection
EndGlobal
